// !$*UTF8*$!
{
	archiveVersion = 1;
	classes = {
	};
	objectVersion = 46;
	objects = {

/* Begin PBXBuildFile section */
		B57D4D5C1CB842C800A7F9DA /* Euler2.swift in Sources */ = {isa = PBXBuildFile; fileRef = B57D4D5B1CB842C800A7F9DA /* Euler2.swift */; };
		B57D4D5E1CB844B300A7F9DA /* Euler3.swift in Sources */ = {isa = PBXBuildFile; fileRef = B57D4D5D1CB844B300A7F9DA /* Euler3.swift */; };
		B5BAB7CE1CB9B51000914A9F /* Euler4.swift in Sources */ = {isa = PBXBuildFile; fileRef = B5BAB7CD1CB9B51000914A9F /* Euler4.swift */; };
		B5BAB7D01CBA4C2800914A9F /* Euler5.swift in Sources */ = {isa = PBXBuildFile; fileRef = B5BAB7CF1CBA4C2800914A9F /* Euler5.swift */; };
		B5BAB7D21CBA626700914A9F /* Euler6.swift in Sources */ = {isa = PBXBuildFile; fileRef = B5BAB7D11CBA626700914A9F /* Euler6.swift */; };
		B5EE16C41CB6FE560099E4B4 /* main.swift in Sources */ = {isa = PBXBuildFile; fileRef = B5EE16C31CB6FE560099E4B4 /* main.swift */; };
		B5EE16CB1CB7059C0099E4B4 /* Euler1.swift in Sources */ = {isa = PBXBuildFile; fileRef = B5EE16CA1CB7059C0099E4B4 /* Euler1.swift */; };
/* End PBXBuildFile section */

/* Begin PBXCopyFilesBuildPhase section */
		B5EE16BE1CB6FE550099E4B4 /* CopyFiles */ = {
			isa = PBXCopyFilesBuildPhase;
			buildActionMask = 2147483647;
			dstPath = /usr/share/man/man1/;
			dstSubfolderSpec = 0;
			files = (
			);
			runOnlyForDeploymentPostprocessing = 1;
		};
/* End PBXCopyFilesBuildPhase section */

/* Begin PBXFileReference section */
		B57D4D5B1CB842C800A7F9DA /* Euler2.swift */ = {isa = PBXFileReference; fileEncoding = 4; lastKnownFileType = sourcecode.swift; path = Euler2.swift; sourceTree = "<group>"; };
		B57D4D5D1CB844B300A7F9DA /* Euler3.swift */ = {isa = PBXFileReference; fileEncoding = 4; lastKnownFileType = sourcecode.swift; path = Euler3.swift; sourceTree = "<group>"; };
		B5BAB7CD1CB9B51000914A9F /* Euler4.swift */ = {isa = PBXFileReference; fileEncoding = 4; lastKnownFileType = sourcecode.swift; path = Euler4.swift; sourceTree = "<group>"; };
		B5BAB7CF1CBA4C2800914A9F /* Euler5.swift */ = {isa = PBXFileReference; fileEncoding = 4; lastKnownFileType = sourcecode.swift; path = Euler5.swift; sourceTree = "<group>"; };
		B5BAB7D11CBA626700914A9F /* Euler6.swift */ = {isa = PBXFileReference; fileEncoding = 4; lastKnownFileType = sourcecode.swift; path = Euler6.swift; sourceTree = "<group>"; };
		B5EE16C01CB6FE550099E4B4 /* Play */ = {isa = PBXFileReference; explicitFileType = "compiled.mach-o.executable"; includeInIndex = 0; path = Play; sourceTree = BUILT_PRODUCTS_DIR; };
		B5EE16C31CB6FE560099E4B4 /* main.swift */ = {isa = PBXFileReference; lastKnownFileType = sourcecode.swift; path = main.swift; sourceTree = "<group>"; };
		B5EE16CA1CB7059C0099E4B4 /* Euler1.swift */ = {isa = PBXFileReference; fileEncoding = 4; lastKnownFileType = sourcecode.swift; path = Euler1.swift; sourceTree = "<group>"; };
/* End PBXFileReference section */

/* Begin PBXFrameworksBuildPhase section */
		B5EE16BD1CB6FE550099E4B4 /* Frameworks */ = {
			isa = PBXFrameworksBuildPhase;
			buildActionMask = 2147483647;
			files = (
			);
			runOnlyForDeploymentPostprocessing = 0;
		};
/* End PBXFrameworksBuildPhase section */

/* Begin PBXGroup section */
		B5EE16B71CB6FE540099E4B4 = {
			isa = PBXGroup;
			children = (
				B5EE16C21CB6FE550099E4B4 /* Play */,
				B5EE16C11CB6FE550099E4B4 /* Products */,
			);
			sourceTree = "<group>";
		};
		B5EE16C11CB6FE550099E4B4 /* Products */ = {
			isa = PBXGroup;
			children = (
				B5EE16C01CB6FE550099E4B4 /* Play */,
			);
			name = Products;
			sourceTree = "<group>";
		};
		B5EE16C21CB6FE550099E4B4 /* Play */ = {
			isa = PBXGroup;
			children = (
				B5EE16CA1CB7059C0099E4B4 /* Euler1.swift */,
				B57D4D5D1CB844B300A7F9DA /* Euler3.swift */,
				B5EE16C31CB6FE560099E4B4 /* main.swift */,
				B57D4D5B1CB842C800A7F9DA /* Euler2.swift */,
				B5BAB7CD1CB9B51000914A9F /* Euler4.swift */,
				B5BAB7CF1CBA4C2800914A9F /* Euler5.swift */,
				B5BAB7D11CBA626700914A9F /* Euler6.swift */,
			);
			path = Play;
			sourceTree = "<group>";
		};
/* End PBXGroup section */

/* Begin PBXNativeTarget section */
		B5EE16BF1CB6FE550099E4B4 /* Play */ = {
			isa = PBXNativeTarget;
			buildConfigurationList = B5EE16C71CB6FE560099E4B4 /* Build configuration list for PBXNativeTarget "Play" */;
			buildPhases = (
				B5EE16BC1CB6FE550099E4B4 /* Sources */,
				B5EE16BD1CB6FE550099E4B4 /* Frameworks */,
				B5EE16BE1CB6FE550099E4B4 /* CopyFiles */,
			);
			buildRules = (
			);
			dependencies = (
			);
			name = Play;
			productName = Play;
			productReference = B5EE16C01CB6FE550099E4B4 /* Play */;
			productType = "com.apple.product-type.tool";
		};
/* End PBXNativeTarget section */

/* Begin PBXProject section */
		B5EE16B81CB6FE540099E4B4 /* Project object */ = {
			isa = PBXProject;
			attributes = {
				LastSwiftUpdateCheck = 0730;
				LastUpgradeCheck = 0730;
				ORGANIZATIONNAME = "Ben Woods";
				TargetAttributes = {
					B5EE16BF1CB6FE550099E4B4 = {
						CreatedOnToolsVersion = 7.3;
					};
				};
			};
			buildConfigurationList = B5EE16BB1CB6FE540099E4B4 /* Build configuration list for PBXProject "Play" */;
			compatibilityVersion = "Xcode 3.2";
			developmentRegion = English;
			hasScannedForEncodings = 0;
			knownRegions = (
				en,
			);
			mainGroup = B5EE16B71CB6FE540099E4B4;
			productRefGroup = B5EE16C11CB6FE550099E4B4 /* Products */;
			projectDirPath = "";
			projectRoot = "";
			targets = (
				B5EE16BF1CB6FE550099E4B4 /* Play */,
			);
		};
/* End PBXProject section */

/* Begin PBXSourcesBuildPhase section */
		B5EE16BC1CB6FE550099E4B4 /* Sources */ = {
			isa = PBXSourcesBuildPhase;
			buildActionMask = 2147483647;
			files = (
				B5EE16C41CB6FE560099E4B4 /* main.swift in Sources */,
				B5BAB7D01CBA4C2800914A9F /* Euler5.swift in Sources */,
				B5BAB7CE1CB9B51000914A9F /* Euler4.swift in Sources */,
				B57D4D5C1CB842C800A7F9DA /* Euler2.swift in Sources */,
				B5BAB7D21CBA626700914A9F /* Euler6.swift in Sources */,
				B5EE16CB1CB7059C0099E4B4 /* Euler1.swift in Sources */,
				B57D4D5E1CB844B300A7F9DA /* Euler3.swift in Sources */,
			);
			runOnlyForDeploymentPostprocessing = 0;
		};
/* End PBXSourcesBuildPhase section */

/* Begin XCBuildConfiguration section */
		B5EE16C51CB6FE560099E4B4 /* Debug */ = {
			isa = XCBuildConfiguration;
			buildSettings = {
				ALWAYS_SEARCH_USER_PATHS = NO;
				CLANG_ANALYZER_NONNULL = YES;
				CLANG_CXX_LANGUAGE_STANDARD = "gnu++0x";
				CLANG_CXX_LIBRARY = "libc++";
				CLANG_ENABLE_MODULES = YES;
				CLANG_ENABLE_OBJC_ARC = YES;
				CLANG_WARN_BOOL_CONVERSION = YES;
				CLANG_WARN_CONSTANT_CONVERSION = YES;
				CLANG_WARN_DIRECT_OBJC_ISA_USAGE = YES_ERROR;
				CLANG_WARN_EMPTY_BODY = YES;
				CLANG_WARN_ENUM_CONVERSION = YES;
				CLANG_WARN_INT_CONVERSION = YES;
				CLANG_WARN_OBJC_ROOT_CLASS = YES_ERROR;
				CLANG_WARN_UNREACHABLE_CODE = YES;
				CLANG_WARN__DUPLICATE_METHOD_MATCH = YES;
				CODE_SIGN_IDENTITY = "-";
				COPY_PHASE_STRIP = NO;
				DEBUG_INFORMATION_FORMAT = dwarf;
				ENABLE_STRICT_OBJC_MSGSEND = YES;
				ENABLE_TESTABILITY = YES;
				GCC_C_LANGUAGE_STANDARD = gnu99;
				GCC_DYNAMIC_NO_PIC = NO;
				GCC_NO_COMMON_BLOCKS = YES;
				GCC_OPTIMIZATION_LEVEL = 0;
				GCC_PREPROCESSOR_DEFINITIONS = (
					"DEBUG=1",
					"$(inherited)",
				);
				GCC_WARN_64_TO_32_BIT_CONVERSION = YES;
				GCC_WARN_ABOUT_RETURN_TYPE = YES_ERROR;
				GCC_WARN_UNDECLARED_SELECTOR = YES;
				GCC_WARN_UNINITIALIZED_AUTOS = YES_AGGRESSIVE;
				GCC_WARN_UNUSED_FUNCTION = YES;
				GCC_WARN_UNUSED_VARIABLE = YES;
				MACOSX_DEPLOYMENT_TARGET = 10.11;
				MTL_ENABLE_DEBUG_INFO = YES;
				ONLY_ACTIVE_ARCH = YES;
				SDKROOT = macosx;
				SWIFT_OPTIMIZATION_LEVEL = "-Onone";
			};
			name = Debug;
		};
		B5EE16C61CB6FE560099E4B4 /* Release */ = {
			isa = XCBuildConfiguration;
			buildSettings = {
				ALWAYS_SEARCH_USER_PATHS = NO;
				CLANG_ANALYZER_NONNULL = YES;
				CLANG_CXX_LANGUAGE_STANDARD = "gnu++0x";
				CLANG_CXX_LIBRARY = "libc++";
				CLANG_ENABLE_MODULES = YES;
				CLANG_ENABLE_OBJC_ARC = YES;
				CLANG_WARN_BOOL_CONVERSION = YES;
				CLANG_WARN_CONSTANT_CONVERSION = YES;
				CLANG_WARN_DIRECT_OBJC_ISA_USAGE = YES_ERROR;
				CLANG_WARN_EMPTY_BODY = YES;
				CLANG_WARN_ENUM_CONVERSION = YES;
				CLANG_WARN_INT_CONVERSION = YES;
				CLANG_WARN_OBJC_ROOT_CLASS = YES_ERROR;
				CLANG_WARN_UNREACHABLE_CODE = YES;
				CLANG_WARN__DUPLICATE_METHOD_MATCH = YES;
				CODE_SIGN_IDENTITY = "-";
				COPY_PHASE_STRIP = NO;
				DEBUG_INFORMATION_FORMAT = "dwarf-with-dsym";
				ENABLE_NS_ASSERTIONS = NO;
				ENABLE_STRICT_OBJC_MSGSEND = YES;
				GCC_C_LANGUAGE_STANDARD = gnu99;
				GCC_NO_COMMON_BLOCKS = YES;
				GCC_WARN_64_TO_32_BIT_CONVERSION = YES;
				GCC_WARN_ABOUT_RETURN_TYPE = YES_ERROR;
				GCC_WARN_UNDECLARED_SELECTOR = YES;
				GCC_WARN_UNINITIALIZED_AUTOS = YES_AGGRESSIVE;
				GCC_WARN_UNUSED_FUNCTION = YES;
				GCC_WARN_UNUSED_VARIABLE = YES;
				MACOSX_DEPLOYMENT_TARGET = 10.11;
				MTL_ENABLE_DEBUG_INFO = NO;
				SDKROOT = macosx;
			};
			name = Release;
		};
		B5EE16C81CB6FE560099E4B4 /* Debug */ = {
			isa = XCBuildConfiguration;
			buildSettings = {
				PRODUCT_NAME = "$(TARGET_NAME)";
			};
			name = Debug;
		};
		B5EE16C91CB6FE560099E4B4 /* Release */ = {
			isa = XCBuildConfiguration;
			buildSettings = {
				PRODUCT_NAME = "$(TARGET_NAME)";
			};
			name = Release;
		};
/* End XCBuildConfiguration section */

/* Begin XCConfigurationList section */
		B5EE16BB1CB6FE540099E4B4 /* Build configuration list for PBXProject "Play" */ = {
			isa = XCConfigurationList;
			buildConfigurations = (
				B5EE16C51CB6FE560099E4B4 /* Debug */,
				B5EE16C61CB6FE560099E4B4 /* Release */,
			);
			defaultConfigurationIsVisible = 0;
			defaultConfigurationName = Release;
		};
		B5EE16C71CB6FE560099E4B4 /* Build configuration list for PBXNativeTarget "Play" */ = {
			isa = XCConfigurationList;
			buildConfigurations = (
				B5EE16C81CB6FE560099E4B4 /* Debug */,
				B5EE16C91CB6FE560099E4B4 /* Release */,
			);
			defaultConfigurationIsVisible = 0;
			defaultConfigurationName = Release;
		};
/* End XCConfigurationList section */
	};
	rootObject = B5EE16B81CB6FE540099E4B4 /* Project object */;
}
